
Microsoft Visual Studio Solution File, Format Version 12.00
# Visual Studio Version 16
VisualStudioVersion = 16.0.32228.343
MinimumVisualStudioVersion = 10.0.40219.1
Project("{9A19103F-16F7-4668-BE54-9A1E7A4F7556}") = "ShoppingList.Domain", "ShoppingList.Domain\ShoppingList.Domain.csproj", "{105EC5BC-CE7A-4C1D-8A5B-124F6BDC17D6}"
EndProject
Project("{2150E333-8FDC-42A3-9474-1A3956D46DE8}") = "2 - Domain", "2 - Domain", "{D43BAF82-E0CA-4732-9591-A417EB259A02}"
EndProject
Project("{2150E333-8FDC-42A3-9474-1A3956D46DE8}") = "4 - Infrastructure", "4 - Infrastructure", "{32CC299C-4302-44A0-B648-687136B4B8B8}"
EndProject
Project("{2150E333-8FDC-42A3-9474-1A3956D46DE8}") = "1 - Presentation", "1 - Presentation", "{345968E6-DAFE-478F-9C44-A717EF550868}"
EndProject
Project("{2150E333-8FDC-42A3-9474-1A3956D46DE8}") = "Data", "Data", "{BB7C93E5-3F13-420A-ADA6-3EC53A1CF30A}"
EndProject
Project("{2150E333-8FDC-42A3-9474-1A3956D46DE8}") = "5 - Tests", "5 - Tests", "{A4C83DC6-DFE6-4AB5-A42D-0F226794975E}"
EndProject
Project("{9A19103F-16F7-4668-BE54-9A1E7A4F7556}") = "ShoppingList.Data", "ShoppingList.Data\ShoppingList.Data.csproj", "{6CD62259-3E01-4159-8B1A-0F7CA66B6D62}"
EndProject
Project("{9A19103F-16F7-4668-BE54-9A1E7A4F7556}") = "ShoppingList.Domain.Tests", "ShoppingList.Domain.Tests\ShoppingList.Domain.Tests.csproj", "{85134432-A8EB-483B-A87D-67F658645FE5}"
EndProject
Project("{9A19103F-16F7-4668-BE54-9A1E7A4F7556}") = "ShoppingList.Infrastructure.Tests", "ShoppingList.Infrastructure.Tests\ShoppingList.Infrastructure.Tests.csproj", "{70DBC221-7DCD-4D6D-A3C5-FE2CB51B14C4}"
EndProject
Project("{2150E333-8FDC-42A3-9474-1A3956D46DE8}") = "2 - Domain", "2 - Domain", "{17F97401-B879-49E6-BC85-1BA895E45545}"
EndProject
Project("{2150E333-8FDC-42A3-9474-1A3956D46DE8}") = "1 - Presentation", "1 - Presentation", "{94921BB6-DD51-4045-8BF2-E3D15581439E}"
EndProject
Project("{2150E333-8FDC-42A3-9474-1A3956D46DE8}") = "3 - Service", "3 - Service", "{4D1DCD6C-A206-4FA7-9430-A66EEA50A206}"
EndProject
Project("{2150E333-8FDC-42A3-9474-1A3956D46DE8}") = "4 - Infrastructure", "4 - Infrastructure", "{278A91B5-DA76-48FC-8689-E7B6BE699A50}"
EndProject
Project("{9A19103F-16F7-4668-BE54-9A1E7A4F7556}") = "ShoppingList.Service.Tests", "ShoppingList.Service.Tests\ShoppingList.Service.Tests.csproj", "{79538349-F8F1-42D1-9F2D-7FB7A8532769}"
EndProject
Project("{FAE04EC0-301F-11D3-BF4B-00C04F79EFBC}") = "ShoppingList.Screens", "ShoppingList.Screens\ShoppingList.Screens.csproj", "{BBEAC0FA-68C0-46EB-BA18-906CAE9F8BCE}"
EndProject
Project("{2150E333-8FDC-42A3-9474-1A3956D46DE8}") = "3 - Service", "3 - Service", "{172254E4-7B32-4690-A80D-9F907C2F1588}"
EndProject
Project("{9A19103F-16F7-4668-BE54-9A1E7A4F7556}") = "ShoppingList.Service", "ShoppingList.Service\ShoppingList.Service.csproj", "{5B6F2649-1345-4DCF-8435-31955A88ED4B}"
EndProject
Project("{C7167F0D-BC9F-4E6E-AFE1-012C56B48DB5}") = "ShoppingListApp", "ShoppingListApp\ShoppingListApp.wapproj", "{F754B526-B1D5-4F96-8393-E962A4858DC2}"
EndProject
Project("{FAE04EC0-301F-11D3-BF4B-00C04F79EFBC}") = "ShoppingList.Main", "ShoppingList.Main\ShoppingList.Main.csproj", "{44FD6AA6-9E61-4128-8FA0-41B66480D716}"
EndProject
Global
	GlobalSection(SolutionConfigurationPlatforms) = preSolution
		Debug|Any CPU = Debug|Any CPU
		Debug|ARM = Debug|ARM
		Debug|ARM64 = Debug|ARM64
		Debug|x64 = Debug|x64
		Debug|x86 = Debug|x86
		Release|Any CPU = Release|Any CPU
		Release|ARM = Release|ARM
		Release|ARM64 = Release|ARM64
		Release|x64 = Release|x64
		Release|x86 = Release|x86
	EndGlobalSection
	GlobalSection(ProjectConfigurationPlatforms) = postSolution
		{105EC5BC-CE7A-4C1D-8A5B-124F6BDC17D6}.Debug|Any CPU.ActiveCfg = Debug|Any CPU
		{105EC5BC-CE7A-4C1D-8A5B-124F6BDC17D6}.Debug|Any CPU.Build.0 = Debug|Any CPU
		{105EC5BC-CE7A-4C1D-8A5B-124F6BDC17D6}.Debug|ARM.ActiveCfg = Debug|Any CPU
		{105EC5BC-CE7A-4C1D-8A5B-124F6BDC17D6}.Debug|ARM.Build.0 = Debug|Any CPU
		{105EC5BC-CE7A-4C1D-8A5B-124F6BDC17D6}.Debug|ARM64.ActiveCfg = Debug|Any CPU
		{105EC5BC-CE7A-4C1D-8A5B-124F6BDC17D6}.Debug|ARM64.Build.0 = Debug|Any CPU
		{105EC5BC-CE7A-4C1D-8A5B-124F6BDC17D6}.Debug|x64.ActiveCfg = Debug|Any CPU
		{105EC5BC-CE7A-4C1D-8A5B-124F6BDC17D6}.Debug|x64.Build.0 = Debug|Any CPU
		{105EC5BC-CE7A-4C1D-8A5B-124F6BDC17D6}.Debug|x86.ActiveCfg = Debug|x86
		{105EC5BC-CE7A-4C1D-8A5B-124F6BDC17D6}.Debug|x86.Build.0 = Debug|x86
		{105EC5BC-CE7A-4C1D-8A5B-124F6BDC17D6}.Release|Any CPU.ActiveCfg = Release|Any CPU
		{105EC5BC-CE7A-4C1D-8A5B-124F6BDC17D6}.Release|Any CPU.Build.0 = Release|Any CPU
		{105EC5BC-CE7A-4C1D-8A5B-124F6BDC17D6}.Release|ARM.ActiveCfg = Release|Any CPU
		{105EC5BC-CE7A-4C1D-8A5B-124F6BDC17D6}.Release|ARM.Build.0 = Release|Any CPU
		{105EC5BC-CE7A-4C1D-8A5B-124F6BDC17D6}.Release|ARM64.ActiveCfg = Release|Any CPU
		{105EC5BC-CE7A-4C1D-8A5B-124F6BDC17D6}.Release|ARM64.Build.0 = Release|Any CPU
		{105EC5BC-CE7A-4C1D-8A5B-124F6BDC17D6}.Release|x64.ActiveCfg = Release|Any CPU
		{105EC5BC-CE7A-4C1D-8A5B-124F6BDC17D6}.Release|x64.Build.0 = Release|Any CPU
		{105EC5BC-CE7A-4C1D-8A5B-124F6BDC17D6}.Release|x86.ActiveCfg = Release|x86
		{105EC5BC-CE7A-4C1D-8A5B-124F6BDC17D6}.Release|x86.Build.0 = Release|x86
		{6CD62259-3E01-4159-8B1A-0F7CA66B6D62}.Debug|Any CPU.ActiveCfg = Debug|Any CPU
		{6CD62259-3E01-4159-8B1A-0F7CA66B6D62}.Debug|Any CPU.Build.0 = Debug|Any CPU
		{6CD62259-3E01-4159-8B1A-0F7CA66B6D62}.Debug|ARM.ActiveCfg = Debug|Any CPU
		{6CD62259-3E01-4159-8B1A-0F7CA66B6D62}.Debug|ARM.Build.0 = Debug|Any CPU
		{6CD62259-3E01-4159-8B1A-0F7CA66B6D62}.Debug|ARM64.ActiveCfg = Debug|Any CPU
		{6CD62259-3E01-4159-8B1A-0F7CA66B6D62}.Debug|ARM64.Build.0 = Debug|Any CPU
		{6CD62259-3E01-4159-8B1A-0F7CA66B6D62}.Debug|x64.ActiveCfg = Debug|Any CPU
		{6CD62259-3E01-4159-8B1A-0F7CA66B6D62}.Debug|x64.Build.0 = Debug|Any CPU
		{6CD62259-3E01-4159-8B1A-0F7CA66B6D62}.Debug|x86.ActiveCfg = Debug|x86
		{6CD62259-3E01-4159-8B1A-0F7CA66B6D62}.Debug|x86.Build.0 = Debug|x86
		{6CD62259-3E01-4159-8B1A-0F7CA66B6D62}.Release|Any CPU.ActiveCfg = Release|Any CPU
		{6CD62259-3E01-4159-8B1A-0F7CA66B6D62}.Release|Any CPU.Build.0 = Release|Any CPU
		{6CD62259-3E01-4159-8B1A-0F7CA66B6D62}.Release|ARM.ActiveCfg = Release|Any CPU
		{6CD62259-3E01-4159-8B1A-0F7CA66B6D62}.Release|ARM.Build.0 = Release|Any CPU
		{6CD62259-3E01-4159-8B1A-0F7CA66B6D62}.Release|ARM64.ActiveCfg = Release|Any CPU
		{6CD62259-3E01-4159-8B1A-0F7CA66B6D62}.Release|ARM64.Build.0 = Release|Any CPU
		{6CD62259-3E01-4159-8B1A-0F7CA66B6D62}.Release|x64.ActiveCfg = Release|Any CPU
		{6CD62259-3E01-4159-8B1A-0F7CA66B6D62}.Release|x64.Build.0 = Release|Any CPU
		{6CD62259-3E01-4159-8B1A-0F7CA66B6D62}.Release|x86.ActiveCfg = Release|x86
		{6CD62259-3E01-4159-8B1A-0F7CA66B6D62}.Release|x86.Build.0 = Release|x86
		{85134432-A8EB-483B-A87D-67F658645FE5}.Debug|Any CPU.ActiveCfg = Debug|Any CPU
		{85134432-A8EB-483B-A87D-67F658645FE5}.Debug|Any CPU.Build.0 = Debug|Any CPU
		{85134432-A8EB-483B-A87D-67F658645FE5}.Debug|ARM.ActiveCfg = Debug|Any CPU
		{85134432-A8EB-483B-A87D-67F658645FE5}.Debug|ARM.Build.0 = Debug|Any CPU
		{85134432-A8EB-483B-A87D-67F658645FE5}.Debug|ARM64.ActiveCfg = Debug|Any CPU
		{85134432-A8EB-483B-A87D-67F658645FE5}.Debug|ARM64.Build.0 = Debug|Any CPU
		{85134432-A8EB-483B-A87D-67F658645FE5}.Debug|x64.ActiveCfg = Debug|Any CPU
		{85134432-A8EB-483B-A87D-67F658645FE5}.Debug|x64.Build.0 = Debug|Any CPU
		{85134432-A8EB-483B-A87D-67F658645FE5}.Debug|x86.ActiveCfg = Debug|x86
		{85134432-A8EB-483B-A87D-67F658645FE5}.Debug|x86.Build.0 = Debug|x86
		{85134432-A8EB-483B-A87D-67F658645FE5}.Release|Any CPU.ActiveCfg = Release|Any CPU
		{85134432-A8EB-483B-A87D-67F658645FE5}.Release|Any CPU.Build.0 = Release|Any CPU
		{85134432-A8EB-483B-A87D-67F658645FE5}.Release|ARM.ActiveCfg = Release|Any CPU
		{85134432-A8EB-483B-A87D-67F658645FE5}.Release|ARM.Build.0 = Release|Any CPU
		{85134432-A8EB-483B-A87D-67F658645FE5}.Release|ARM64.ActiveCfg = Release|Any CPU
		{85134432-A8EB-483B-A87D-67F658645FE5}.Release|ARM64.Build.0 = Release|Any CPU
		{85134432-A8EB-483B-A87D-67F658645FE5}.Release|x64.ActiveCfg = Release|Any CPU
		{85134432-A8EB-483B-A87D-67F658645FE5}.Release|x64.Build.0 = Release|Any CPU
		{85134432-A8EB-483B-A87D-67F658645FE5}.Release|x86.ActiveCfg = Release|x86
		{85134432-A8EB-483B-A87D-67F658645FE5}.Release|x86.Build.0 = Release|x86
		{70DBC221-7DCD-4D6D-A3C5-FE2CB51B14C4}.Debug|Any CPU.ActiveCfg = Debug|Any CPU
		{70DBC221-7DCD-4D6D-A3C5-FE2CB51B14C4}.Debug|Any CPU.Build.0 = Debug|Any CPU
		{70DBC221-7DCD-4D6D-A3C5-FE2CB51B14C4}.Debug|ARM.ActiveCfg = Debug|Any CPU
		{70DBC221-7DCD-4D6D-A3C5-FE2CB51B14C4}.Debug|ARM.Build.0 = Debug|Any CPU
		{70DBC221-7DCD-4D6D-A3C5-FE2CB51B14C4}.Debug|ARM64.ActiveCfg = Debug|Any CPU
		{70DBC221-7DCD-4D6D-A3C5-FE2CB51B14C4}.Debug|ARM64.Build.0 = Debug|Any CPU
		{70DBC221-7DCD-4D6D-A3C5-FE2CB51B14C4}.Debug|x64.ActiveCfg = Debug|Any CPU
		{70DBC221-7DCD-4D6D-A3C5-FE2CB51B14C4}.Debug|x64.Build.0 = Debug|Any CPU
		{70DBC221-7DCD-4D6D-A3C5-FE2CB51B14C4}.Debug|x86.ActiveCfg = Debug|x86
		{70DBC221-7DCD-4D6D-A3C5-FE2CB51B14C4}.Debug|x86.Build.0 = Debug|x86
		{70DBC221-7DCD-4D6D-A3C5-FE2CB51B14C4}.Release|Any CPU.ActiveCfg = Release|Any CPU
		{70DBC221-7DCD-4D6D-A3C5-FE2CB51B14C4}.Release|Any CPU.Build.0 = Release|Any CPU
		{70DBC221-7DCD-4D6D-A3C5-FE2CB51B14C4}.Release|ARM.ActiveCfg = Release|Any CPU
		{70DBC221-7DCD-4D6D-A3C5-FE2CB51B14C4}.Release|ARM.Build.0 = Release|Any CPU
		{70DBC221-7DCD-4D6D-A3C5-FE2CB51B14C4}.Release|ARM64.ActiveCfg = Release|Any CPU
		{70DBC221-7DCD-4D6D-A3C5-FE2CB51B14C4}.Release|ARM64.Build.0 = Release|Any CPU
		{70DBC221-7DCD-4D6D-A3C5-FE2CB51B14C4}.Release|x64.ActiveCfg = Release|Any CPU
		{70DBC221-7DCD-4D6D-A3C5-FE2CB51B14C4}.Release|x64.Build.0 = Release|Any CPU
		{70DBC221-7DCD-4D6D-A3C5-FE2CB51B14C4}.Release|x86.ActiveCfg = Release|x86
		{70DBC221-7DCD-4D6D-A3C5-FE2CB51B14C4}.Release|x86.Build.0 = Release|x86
		{79538349-F8F1-42D1-9F2D-7FB7A8532769}.Debug|Any CPU.ActiveCfg = Debug|Any CPU
		{79538349-F8F1-42D1-9F2D-7FB7A8532769}.Debug|Any CPU.Build.0 = Debug|Any CPU
		{79538349-F8F1-42D1-9F2D-7FB7A8532769}.Debug|ARM.ActiveCfg = Debug|Any CPU
		{79538349-F8F1-42D1-9F2D-7FB7A8532769}.Debug|ARM.Build.0 = Debug|Any CPU
		{79538349-F8F1-42D1-9F2D-7FB7A8532769}.Debug|ARM64.ActiveCfg = Debug|Any CPU
		{79538349-F8F1-42D1-9F2D-7FB7A8532769}.Debug|ARM64.Build.0 = Debug|Any CPU
		{79538349-F8F1-42D1-9F2D-7FB7A8532769}.Debug|x64.ActiveCfg = Debug|Any CPU
		{79538349-F8F1-42D1-9F2D-7FB7A8532769}.Debug|x64.Build.0 = Debug|Any CPU
		{79538349-F8F1-42D1-9F2D-7FB7A8532769}.Debug|x86.ActiveCfg = Debug|x86
		{79538349-F8F1-42D1-9F2D-7FB7A8532769}.Debug|x86.Build.0 = Debug|x86
		{79538349-F8F1-42D1-9F2D-7FB7A8532769}.Release|Any CPU.ActiveCfg = Release|Any CPU
		{79538349-F8F1-42D1-9F2D-7FB7A8532769}.Release|Any CPU.Build.0 = Release|Any CPU
		{79538349-F8F1-42D1-9F2D-7FB7A8532769}.Release|ARM.ActiveCfg = Release|Any CPU
		{79538349-F8F1-42D1-9F2D-7FB7A8532769}.Release|ARM.Build.0 = Release|Any CPU
		{79538349-F8F1-42D1-9F2D-7FB7A8532769}.Release|ARM64.ActiveCfg = Release|Any CPU
		{79538349-F8F1-42D1-9F2D-7FB7A8532769}.Release|ARM64.Build.0 = Release|Any CPU
		{79538349-F8F1-42D1-9F2D-7FB7A8532769}.Release|x64.ActiveCfg = Release|Any CPU
		{79538349-F8F1-42D1-9F2D-7FB7A8532769}.Release|x64.Build.0 = Release|Any CPU
		{79538349-F8F1-42D1-9F2D-7FB7A8532769}.Release|x86.ActiveCfg = Release|x86
		{79538349-F8F1-42D1-9F2D-7FB7A8532769}.Release|x86.Build.0 = Release|x86
		{BBEAC0FA-68C0-46EB-BA18-906CAE9F8BCE}.Debug|Any CPU.ActiveCfg = Debug|x86
		{BBEAC0FA-68C0-46EB-BA18-906CAE9F8BCE}.Debug|ARM.ActiveCfg = Debug|ARM
		{BBEAC0FA-68C0-46EB-BA18-906CAE9F8BCE}.Debug|ARM.Build.0 = Debug|ARM
		{BBEAC0FA-68C0-46EB-BA18-906CAE9F8BCE}.Debug|ARM.Deploy.0 = Debug|ARM
		{BBEAC0FA-68C0-46EB-BA18-906CAE9F8BCE}.Debug|ARM64.ActiveCfg = Debug|ARM64
		{BBEAC0FA-68C0-46EB-BA18-906CAE9F8BCE}.Debug|ARM64.Build.0 = Debug|ARM64
		{BBEAC0FA-68C0-46EB-BA18-906CAE9F8BCE}.Debug|ARM64.Deploy.0 = Debug|ARM64
		{BBEAC0FA-68C0-46EB-BA18-906CAE9F8BCE}.Debug|x64.ActiveCfg = Debug|x64
		{BBEAC0FA-68C0-46EB-BA18-906CAE9F8BCE}.Debug|x64.Build.0 = Debug|x64
		{BBEAC0FA-68C0-46EB-BA18-906CAE9F8BCE}.Debug|x64.Deploy.0 = Debug|x64
		{BBEAC0FA-68C0-46EB-BA18-906CAE9F8BCE}.Debug|x86.ActiveCfg = Debug|x86
		{BBEAC0FA-68C0-46EB-BA18-906CAE9F8BCE}.Debug|x86.Deploy.0 = Debug|x86
		{BBEAC0FA-68C0-46EB-BA18-906CAE9F8BCE}.Release|Any CPU.ActiveCfg = Release|x86
		{BBEAC0FA-68C0-46EB-BA18-906CAE9F8BCE}.Release|ARM.ActiveCfg = Release|ARM
		{BBEAC0FA-68C0-46EB-BA18-906CAE9F8BCE}.Release|ARM.Build.0 = Release|ARM
		{BBEAC0FA-68C0-46EB-BA18-906CAE9F8BCE}.Release|ARM.Deploy.0 = Release|ARM
		{BBEAC0FA-68C0-46EB-BA18-906CAE9F8BCE}.Release|ARM64.ActiveCfg = Release|ARM64
		{BBEAC0FA-68C0-46EB-BA18-906CAE9F8BCE}.Release|ARM64.Build.0 = Release|ARM64
		{BBEAC0FA-68C0-46EB-BA18-906CAE9F8BCE}.Release|ARM64.Deploy.0 = Release|ARM64
		{BBEAC0FA-68C0-46EB-BA18-906CAE9F8BCE}.Release|x64.ActiveCfg = Release|x64
		{BBEAC0FA-68C0-46EB-BA18-906CAE9F8BCE}.Release|x64.Build.0 = Release|x64
		{BBEAC0FA-68C0-46EB-BA18-906CAE9F8BCE}.Release|x64.Deploy.0 = Release|x64
		{BBEAC0FA-68C0-46EB-BA18-906CAE9F8BCE}.Release|x86.ActiveCfg = Release|x86
		{BBEAC0FA-68C0-46EB-BA18-906CAE9F8BCE}.Release|x86.Deploy.0 = Release|x86
		{5B6F2649-1345-4DCF-8435-31955A88ED4B}.Debug|Any CPU.ActiveCfg = Debug|Any CPU
		{5B6F2649-1345-4DCF-8435-31955A88ED4B}.Debug|Any CPU.Build.0 = Debug|Any CPU
		{5B6F2649-1345-4DCF-8435-31955A88ED4B}.Debug|ARM.ActiveCfg = Debug|Any CPU
		{5B6F2649-1345-4DCF-8435-31955A88ED4B}.Debug|ARM.Build.0 = Debug|Any CPU
		{5B6F2649-1345-4DCF-8435-31955A88ED4B}.Debug|ARM64.ActiveCfg = Debug|Any CPU
		{5B6F2649-1345-4DCF-8435-31955A88ED4B}.Debug|ARM64.Build.0 = Debug|Any CPU
		{5B6F2649-1345-4DCF-8435-31955A88ED4B}.Debug|x64.ActiveCfg = Debug|Any CPU
		{5B6F2649-1345-4DCF-8435-31955A88ED4B}.Debug|x64.Build.0 = Debug|Any CPU
		{5B6F2649-1345-4DCF-8435-31955A88ED4B}.Debug|x86.ActiveCfg = Debug|x86
		{5B6F2649-1345-4DCF-8435-31955A88ED4B}.Debug|x86.Build.0 = Debug|x86
		{5B6F2649-1345-4DCF-8435-31955A88ED4B}.Release|Any CPU.ActiveCfg = Release|Any CPU
		{5B6F2649-1345-4DCF-8435-31955A88ED4B}.Release|Any CPU.Build.0 = Release|Any CPU
		{5B6F2649-1345-4DCF-8435-31955A88ED4B}.Release|ARM.ActiveCfg = Release|Any CPU
		{5B6F2649-1345-4DCF-8435-31955A88ED4B}.Release|ARM.Build.0 = Release|Any CPU
		{5B6F2649-1345-4DCF-8435-31955A88ED4B}.Release|ARM64.ActiveCfg = Release|Any CPU
		{5B6F2649-1345-4DCF-8435-31955A88ED4B}.Release|ARM64.Build.0 = Release|Any CPU
		{5B6F2649-1345-4DCF-8435-31955A88ED4B}.Release|x64.ActiveCfg = Release|Any CPU
		{5B6F2649-1345-4DCF-8435-31955A88ED4B}.Release|x64.Build.0 = Release|Any CPU
		{5B6F2649-1345-4DCF-8435-31955A88ED4B}.Release|x86.ActiveCfg = Release|x86
		{5B6F2649-1345-4DCF-8435-31955A88ED4B}.Release|x86.Build.0 = Release|x86
		{F754B526-B1D5-4F96-8393-E962A4858DC2}.Debug|Any CPU.ActiveCfg = Debug|Any CPU
		{F754B526-B1D5-4F96-8393-E962A4858DC2}.Debug|Any CPU.Build.0 = Debug|Any CPU
		{F754B526-B1D5-4F96-8393-E962A4858DC2}.Debug|Any CPU.Deploy.0 = Debug|Any CPU
		{F754B526-B1D5-4F96-8393-E962A4858DC2}.Debug|ARM.ActiveCfg = Debug|ARM
		{F754B526-B1D5-4F96-8393-E962A4858DC2}.Debug|ARM.Build.0 = Debug|ARM
		{F754B526-B1D5-4F96-8393-E962A4858DC2}.Debug|ARM.Deploy.0 = Debug|ARM
		{F754B526-B1D5-4F96-8393-E962A4858DC2}.Debug|ARM64.ActiveCfg = Debug|ARM64
		{F754B526-B1D5-4F96-8393-E962A4858DC2}.Debug|ARM64.Build.0 = Debug|ARM64
		{F754B526-B1D5-4F96-8393-E962A4858DC2}.Debug|ARM64.Deploy.0 = Debug|ARM64
		{F754B526-B1D5-4F96-8393-E962A4858DC2}.Debug|x64.ActiveCfg = Debug|x64
		{F754B526-B1D5-4F96-8393-E962A4858DC2}.Debug|x64.Build.0 = Debug|x64
		{F754B526-B1D5-4F96-8393-E962A4858DC2}.Debug|x64.Deploy.0 = Debug|x64
		{F754B526-B1D5-4F96-8393-E962A4858DC2}.Debug|x86.ActiveCfg = Debug|x86
		{F754B526-B1D5-4F96-8393-E962A4858DC2}.Debug|x86.Build.0 = Debug|x86
		{F754B526-B1D5-4F96-8393-E962A4858DC2}.Debug|x86.Deploy.0 = Debug|x86
		{F754B526-B1D5-4F96-8393-E962A4858DC2}.Release|Any CPU.ActiveCfg = Release|Any CPU
		{F754B526-B1D5-4F96-8393-E962A4858DC2}.Release|Any CPU.Build.0 = Release|Any CPU
		{F754B526-B1D5-4F96-8393-E962A4858DC2}.Release|Any CPU.Deploy.0 = Release|Any CPU
		{F754B526-B1D5-4F96-8393-E962A4858DC2}.Release|ARM.ActiveCfg = Release|ARM
		{F754B526-B1D5-4F96-8393-E962A4858DC2}.Release|ARM.Build.0 = Release|ARM
		{F754B526-B1D5-4F96-8393-E962A4858DC2}.Release|ARM.Deploy.0 = Release|ARM
		{F754B526-B1D5-4F96-8393-E962A4858DC2}.Release|ARM64.ActiveCfg = Release|ARM64
		{F754B526-B1D5-4F96-8393-E962A4858DC2}.Release|ARM64.Build.0 = Release|ARM64
		{F754B526-B1D5-4F96-8393-E962A4858DC2}.Release|ARM64.Deploy.0 = Release|ARM64
		{F754B526-B1D5-4F96-8393-E962A4858DC2}.Release|x64.ActiveCfg = Release|x64
		{F754B526-B1D5-4F96-8393-E962A4858DC2}.Release|x64.Build.0 = Release|x64
		{F754B526-B1D5-4F96-8393-E962A4858DC2}.Release|x64.Deploy.0 = Release|x64
		{F754B526-B1D5-4F96-8393-E962A4858DC2}.Release|x86.ActiveCfg = Release|x86
		{F754B526-B1D5-4F96-8393-E962A4858DC2}.Release|x86.Build.0 = Release|x86
		{F754B526-B1D5-4F96-8393-E962A4858DC2}.Release|x86.Deploy.0 = Release|x86
		{44FD6AA6-9E61-4128-8FA0-41B66480D716}.Debug|Any CPU.ActiveCfg = Debug|Any CPU
		{44FD6AA6-9E61-4128-8FA0-41B66480D716}.Debug|Any CPU.Build.0 = Debug|Any CPU
		{44FD6AA6-9E61-4128-8FA0-41B66480D716}.Debug|ARM.ActiveCfg = Debug|Any CPU
		{44FD6AA6-9E61-4128-8FA0-41B66480D716}.Debug|ARM.Build.0 = Debug|Any CPU
		{44FD6AA6-9E61-4128-8FA0-41B66480D716}.Debug|ARM64.ActiveCfg = Debug|Any CPU
		{44FD6AA6-9E61-4128-8FA0-41B66480D716}.Debug|ARM64.Build.0 = Debug|Any CPU
		{44FD6AA6-9E61-4128-8FA0-41B66480D716}.Debug|x64.ActiveCfg = Debug|Any CPU
		{44FD6AA6-9E61-4128-8FA0-41B66480D716}.Debug|x64.Build.0 = Debug|Any CPU
		{44FD6AA6-9E61-4128-8FA0-41B66480D716}.Debug|x86.ActiveCfg = Debug|x86
		{44FD6AA6-9E61-4128-8FA0-41B66480D716}.Debug|x86.Build.0 = Debug|x86
		{44FD6AA6-9E61-4128-8FA0-41B66480D716}.Release|Any CPU.ActiveCfg = Release|Any CPU
		{44FD6AA6-9E61-4128-8FA0-41B66480D716}.Release|Any CPU.Build.0 = Release|Any CPU
		{44FD6AA6-9E61-4128-8FA0-41B66480D716}.Release|ARM.ActiveCfg = Release|Any CPU
		{44FD6AA6-9E61-4128-8FA0-41B66480D716}.Release|ARM.Build.0 = Release|Any CPU
		{44FD6AA6-9E61-4128-8FA0-41B66480D716}.Release|ARM64.ActiveCfg = Release|Any CPU
		{44FD6AA6-9E61-4128-8FA0-41B66480D716}.Release|ARM64.Build.0 = Release|Any CPU
		{44FD6AA6-9E61-4128-8FA0-41B66480D716}.Release|x64.ActiveCfg = Release|Any CPU
		{44FD6AA6-9E61-4128-8FA0-41B66480D716}.Release|x64.Build.0 = Release|Any CPU
		{44FD6AA6-9E61-4128-8FA0-41B66480D716}.Release|x86.ActiveCfg = Release|x86
		{44FD6AA6-9E61-4128-8FA0-41B66480D716}.Release|x86.Build.0 = Release|x86
	EndGlobalSection
	GlobalSection(SolutionProperties) = preSolution
		HideSolutionNode = FALSE
	EndGlobalSection
	GlobalSection(NestedProjects) = preSolution
		{105EC5BC-CE7A-4C1D-8A5B-124F6BDC17D6} = {D43BAF82-E0CA-4732-9591-A417EB259A02}
		{BB7C93E5-3F13-420A-ADA6-3EC53A1CF30A} = {32CC299C-4302-44A0-B648-687136B4B8B8}
		{6CD62259-3E01-4159-8B1A-0F7CA66B6D62} = {BB7C93E5-3F13-420A-ADA6-3EC53A1CF30A}
		{85134432-A8EB-483B-A87D-67F658645FE5} = {17F97401-B879-49E6-BC85-1BA895E45545}
		{70DBC221-7DCD-4D6D-A3C5-FE2CB51B14C4} = {278A91B5-DA76-48FC-8689-E7B6BE699A50}
		{17F97401-B879-49E6-BC85-1BA895E45545} = {A4C83DC6-DFE6-4AB5-A42D-0F226794975E}
		{94921BB6-DD51-4045-8BF2-E3D15581439E} = {A4C83DC6-DFE6-4AB5-A42D-0F226794975E}
		{4D1DCD6C-A206-4FA7-9430-A66EEA50A206} = {A4C83DC6-DFE6-4AB5-A42D-0F226794975E}
		{278A91B5-DA76-48FC-8689-E7B6BE699A50} = {A4C83DC6-DFE6-4AB5-A42D-0F226794975E}
		{79538349-F8F1-42D1-9F2D-7FB7A8532769} = {4D1DCD6C-A206-4FA7-9430-A66EEA50A206}
		{BBEAC0FA-68C0-46EB-BA18-906CAE9F8BCE} = {345968E6-DAFE-478F-9C44-A717EF550868}
		{5B6F2649-1345-4DCF-8435-31955A88ED4B} = {172254E4-7B32-4690-A80D-9F907C2F1588}
		{44FD6AA6-9E61-4128-8FA0-41B66480D716} = {345968E6-DAFE-478F-9C44-A717EF550868}
	EndGlobalSection
	GlobalSection(ExtensibilityGlobals) = postSolution
		SolutionGuid = {692F3C25-5659-4380-B420-FC72D1F321F0}
	EndGlobalSection
EndGlobal
